
Microsoft Visual Studio Solution File, Format Version 12.00
# Visual Studio Version 17
VisualStudioVersion = 17.5.33530.505
MinimumVisualStudioVersion = 10.0.40219.1
Project("{FAE04EC0-301F-11D3-BF4B-00C04F79EFBC}") = "BookManagements", "BookManagements\BookManagements.csproj", "{6DC189DC-3F03-45FA-8A4A-C6DCF4084B6F}"
EndProject
Global
	GlobalSection(SolutionConfigurationPlatforms) = preSolution
		Debug|Any CPU = Debug|Any CPU
		Release|Any CPU = Release|Any CPU
	EndGlobalSection
	GlobalSection(ProjectConfigurationPlatforms) = postSolution
		{6DC189DC-3F03-45FA-8A4A-C6DCF4084B6F}.Debug|Any CPU.ActiveCfg = Debug|Any CPU
		{6DC189DC-3F03-45FA-8A4A-C6DCF4084B6F}.Debug|Any CPU.Build.0 = Debug|Any CPU
		{6DC189DC-3F03-45FA-8A4A-C6DCF4084B6F}.Release|Any CPU.ActiveCfg = Release|Any CPU
		{6DC189DC-3F03-45FA-8A4A-C6DCF4084B6F}.Release|Any CPU.Build.0 = Release|Any CPU
	EndGlobalSection
	GlobalSection(SolutionProperties) = preSolution
		HideSolutionNode = FALSE
	EndGlobalSection
	GlobalSection(ExtensibilityGlobals) = postSolution
		SolutionGuid = {41D99827-7761-44EB-80B1-785C6AC33732}
	EndGlobalSection
EndGlobal
